# This file is automatically @generated by Cargo.
# It is not intended for manual editing.
[[package]]
name = "hmac-sha256"
version = "0.1.2"
source = "registry+https://github.com/rust-lang/crates.io-index"
checksum = "a69626016442361bde3bcbbe3d68761ac0767fa592ba0bd7f264f3731c5f525f"

[[package]]
name = "rusty-chain"
version = "0.1.0"
dependencies = [
 "hmac-sha256",
]
